// !$*UTF8*$!
{
	archiveVersion = 1;
	classes = {
	};
	objectVersion = 50;
	objects = {

/* Begin PBXBuildFile section */
		3045673821971F730037C08B /* libncurses.tbd in Frameworks */ = {isa = PBXBuildFile; fileRef = 3045673721971F730037C08B /* libncurses.tbd */; };
		30456757219767EC0037C08B /* main_app.cpp in Sources */ = {isa = PBXBuildFile; fileRef = 30456755219767EC0037C08B /* main_app.cpp */; };
		305465F921961325004153F7 /* main.cpp in Sources */ = {isa = PBXBuildFile; fileRef = 305465F821961325004153F7 /* main.cpp */; };
		3054660421961A88004153F7 /* owner.cpp in Sources */ = {isa = PBXBuildFile; fileRef = 3054660221961A88004153F7 /* owner.cpp */; };
/* End PBXBuildFile section */

/* Begin PBXCopyFilesBuildPhase section */
		305465F321961325004153F7 /* CopyFiles */ = {
			isa = PBXCopyFilesBuildPhase;
			buildActionMask = 2147483647;
			dstPath = /usr/share/man/man1/;
			dstSubfolderSpec = 0;
			files = (
			);
			runOnlyForDeploymentPostprocessing = 1;
		};
/* End PBXCopyFilesBuildPhase section */

/* Begin PBXFileReference section */
		3045673421971C260037C08B /* estate.hpp */ = {isa = PBXFileReference; lastKnownFileType = sourcecode.cpp.h; path = estate.hpp; sourceTree = "<group>"; };
		3045673521971C550037C08B /* config.hpp */ = {isa = PBXFileReference; lastKnownFileType = sourcecode.cpp.h; path = config.hpp; sourceTree = "<group>"; };
		3045673721971F730037C08B /* libncurses.tbd */ = {isa = PBXFileReference; lastKnownFileType = "sourcecode.text-based-dylib-definition"; name = libncurses.tbd; path = usr/lib/libncurses.tbd; sourceTree = SDKROOT; };
		30456755219767EC0037C08B /* main_app.cpp */ = {isa = PBXFileReference; lastKnownFileType = sourcecode.cpp.cpp; path = main_app.cpp; sourceTree = "<group>"; };
		30456756219767EC0037C08B /* main_app.hpp */ = {isa = PBXFileReference; lastKnownFileType = sourcecode.cpp.h; path = main_app.hpp; sourceTree = "<group>"; };
		305465F521961325004153F7 /* Simulator */ = {isa = PBXFileReference; explicitFileType = "compiled.mach-o.executable"; includeInIndex = 0; path = Simulator; sourceTree = BUILT_PRODUCTS_DIR; };
		305465F821961325004153F7 /* main.cpp */ = {isa = PBXFileReference; lastKnownFileType = sourcecode.cpp.cpp; path = main.cpp; sourceTree = "<group>"; };
		3054660221961A88004153F7 /* owner.cpp */ = {isa = PBXFileReference; lastKnownFileType = sourcecode.cpp.cpp; path = owner.cpp; sourceTree = "<group>"; };
		3054660321961A88004153F7 /* owner.hpp */ = {isa = PBXFileReference; lastKnownFileType = sourcecode.cpp.h; path = owner.hpp; sourceTree = "<group>"; };
/* End PBXFileReference section */

/* Begin PBXFrameworksBuildPhase section */
		305465F221961325004153F7 /* Frameworks */ = {
			isa = PBXFrameworksBuildPhase;
			buildActionMask = 2147483647;
			files = (
				3045673821971F730037C08B /* libncurses.tbd in Frameworks */,
			);
			runOnlyForDeploymentPostprocessing = 0;
		};
/* End PBXFrameworksBuildPhase section */

/* Begin PBXGroup section */
		3045673621971F730037C08B /* Frameworks */ = {
			isa = PBXGroup;
			children = (
				3045673721971F730037C08B /* libncurses.tbd */,
			);
			name = Frameworks;
			sourceTree = "<group>";
		};
		305465EC21961325004153F7 = {
			isa = PBXGroup;
			children = (
				305465F721961325004153F7 /* Simulator */,
				305465F621961325004153F7 /* Products */,
				3045673621971F730037C08B /* Frameworks */,
			);
			sourceTree = "<group>";
		};
		305465F621961325004153F7 /* Products */ = {
			isa = PBXGroup;
			children = (
				305465F521961325004153F7 /* Simulator */,
			);
			name = Products;
			sourceTree = "<group>";
		};
		305465F721961325004153F7 /* Simulator */ = {
			isa = PBXGroup;
			children = (
				305465F821961325004153F7 /* main.cpp */,
				3054660221961A88004153F7 /* owner.cpp */,
				3054660321961A88004153F7 /* owner.hpp */,
				3045673421971C260037C08B /* estate.hpp */,
				3045673521971C550037C08B /* config.hpp */,
				30456755219767EC0037C08B /* main_app.cpp */,
				30456756219767EC0037C08B /* main_app.hpp */,
			);
			path = Simulator;
			sourceTree = "<group>";
		};
/* End PBXGroup section */

/* Begin PBXNativeTarget section */
		305465F421961325004153F7 /* Simulator */ = {
			isa = PBXNativeTarget;
			buildConfigurationList = 305465FC21961325004153F7 /* Build configuration list for PBXNativeTarget "Simulator" */;
			buildPhases = (
				305465F121961325004153F7 /* Sources */,
				305465F221961325004153F7 /* Frameworks */,
				305465F321961325004153F7 /* CopyFiles */,
			);
			buildRules = (
			);
			dependencies = (
			);
			name = Simulator;
			productName = Simulator;
			productReference = 305465F521961325004153F7 /* Simulator */;
			productType = "com.apple.product-type.tool";
		};
/* End PBXNativeTarget section */

/* Begin PBXProject section */
		305465ED21961325004153F7 /* Project object */ = {
			isa = PBXProject;
			attributes = {
				LastUpgradeCheck = 1010;
				ORGANIZATIONNAME = "Roman Zhytar";
				TargetAttributes = {
					305465F421961325004153F7 = {
						CreatedOnToolsVersion = 10.1;
					};
				};
			};
			buildConfigurationList = 305465F021961325004153F7 /* Build configuration list for PBXProject "Simulator" */;
			compatibilityVersion = "Xcode 9.3";
			developmentRegion = en;
			hasScannedForEncodings = 0;
			knownRegions = (
				en,
			);
			mainGroup = 305465EC21961325004153F7;
			productRefGroup = 305465F621961325004153F7 /* Products */;
			projectDirPath = "";
			projectRoot = "";
			targets = (
				305465F421961325004153F7 /* Simulator */,
			);
		};
/* End PBXProject section */

/* Begin PBXSourcesBuildPhase section */
		305465F121961325004153F7 /* Sources */ = {
			isa = PBXSourcesBuildPhase;
			buildActionMask = 2147483647;
			files = (
				30456757219767EC0037C08B /* main_app.cpp in Sources */,
				305465F921961325004153F7 /* main.cpp in Sources */,
				3054660421961A88004153F7 /* owner.cpp in Sources */,
			);
			runOnlyForDeploymentPostprocessing = 0;
		};
/* End PBXSourcesBuildPhase section */

/* Begin XCBuildConfiguration section */
		305465FA21961325004153F7 /* Debug */ = {
			isa = XCBuildConfiguration;
			buildSettings = {
				ALWAYS_SEARCH_USER_PATHS = NO;
				CLANG_ANALYZER_NONNULL = YES;
				CLANG_ANALYZER_NUMBER_OBJECT_CONVERSION = YES_AGGRESSIVE;
				CLANG_CXX_LANGUAGE_STANDARD = "gnu++14";
				CLANG_CXX_LIBRARY = "libc++";
				CLANG_ENABLE_MODULES = YES;
				CLANG_ENABLE_OBJC_ARC = YES;
				CLANG_ENABLE_OBJC_WEAK = YES;
				CLANG_WARN_BLOCK_CAPTURE_AUTORELEASING = YES;
				CLANG_WARN_BOOL_CONVERSION = YES;
				CLANG_WARN_COMMA = YES;
				CLANG_WARN_CONSTANT_CONVERSION = YES;
				CLANG_WARN_DEPRECATED_OBJC_IMPLEMENTATIONS = YES;
				CLANG_WARN_DIRECT_OBJC_ISA_USAGE = YES_ERROR;
				CLANG_WARN_DOCUMENTATION_COMMENTS = YES;
				CLANG_WARN_EMPTY_BODY = YES;
				CLANG_WARN_ENUM_CONVERSION = YES;
				CLANG_WARN_INFINITE_RECURSION = YES;
				CLANG_WARN_INT_CONVERSION = YES;
				CLANG_WARN_NON_LITERAL_NULL_CONVERSION = YES;
				CLANG_WARN_OBJC_IMPLICIT_RETAIN_SELF = YES;
				CLANG_WARN_OBJC_LITERAL_CONVERSION = YES;
				CLANG_WARN_OBJC_ROOT_CLASS = YES_ERROR;
				CLANG_WARN_RANGE_LOOP_ANALYSIS = YES;
				CLANG_WARN_STRICT_PROTOTYPES = YES;
				CLANG_WARN_SUSPICIOUS_MOVE = YES;
				CLANG_WARN_UNGUARDED_AVAILABILITY = YES_AGGRESSIVE;
				CLANG_WARN_UNREACHABLE_CODE = YES;
				CLANG_WARN__DUPLICATE_METHOD_MATCH = YES;
				CODE_SIGN_IDENTITY = "-";
				COPY_PHASE_STRIP = NO;
				DEBUG_INFORMATION_FORMAT = dwarf;
				ENABLE_STRICT_OBJC_MSGSEND = YES;
				ENABLE_TESTABILITY = YES;
				GCC_C_LANGUAGE_STANDARD = gnu11;
				GCC_DYNAMIC_NO_PIC = NO;
				GCC_NO_COMMON_BLOCKS = YES;
				GCC_OPTIMIZATION_LEVEL = 0;
				GCC_PREPROCESSOR_DEFINITIONS = (
					"DEBUG=1",
					"$(inherited)",
				);
				GCC_WARN_64_TO_32_BIT_CONVERSION = YES;
				GCC_WARN_ABOUT_RETURN_TYPE = YES_ERROR;
				GCC_WARN_UNDECLARED_SELECTOR = YES;
				GCC_WARN_UNINITIALIZED_AUTOS = YES_AGGRESSIVE;
				GCC_WARN_UNUSED_FUNCTION = YES;
				GCC_WARN_UNUSED_VARIABLE = YES;
				MACOSX_DEPLOYMENT_TARGET = 10.14;
				MTL_ENABLE_DEBUG_INFO = INCLUDE_SOURCE;
				MTL_FAST_MATH = YES;
				ONLY_ACTIVE_ARCH = YES;
				SDKROOT = macosx;
			};
			name = Debug;
		};
		305465FB21961325004153F7 /* Release */ = {
			isa = XCBuildConfiguration;
			buildSettings = {
				ALWAYS_SEARCH_USER_PATHS = NO;
				CLANG_ANALYZER_NONNULL = YES;
				CLANG_ANALYZER_NUMBER_OBJECT_CONVERSION = YES_AGGRESSIVE;
				CLANG_CXX_LANGUAGE_STANDARD = "gnu++14";
				CLANG_CXX_LIBRARY = "libc++";
				CLANG_ENABLE_MODULES = YES;
				CLANG_ENABLE_OBJC_ARC = YES;
				CLANG_ENABLE_OBJC_WEAK = YES;
				CLANG_WARN_BLOCK_CAPTURE_AUTORELEASING = YES;
				CLANG_WARN_BOOL_CONVERSION = YES;
				CLANG_WARN_COMMA = YES;
				CLANG_WARN_CONSTANT_CONVERSION = YES;
				CLANG_WARN_DEPRECATED_OBJC_IMPLEMENTATIONS = YES;
				CLANG_WARN_DIRECT_OBJC_ISA_USAGE = YES_ERROR;
				CLANG_WARN_DOCUMENTATION_COMMENTS = YES;
				CLANG_WARN_EMPTY_BODY = YES;
				CLANG_WARN_ENUM_CONVERSION = YES;
				CLANG_WARN_INFINITE_RECURSION = YES;
				CLANG_WARN_INT_CONVERSION = YES;
				CLANG_WARN_NON_LITERAL_NULL_CONVERSION = YES;
				CLANG_WARN_OBJC_IMPLICIT_RETAIN_SELF = YES;
				CLANG_WARN_OBJC_LITERAL_CONVERSION = YES;
				CLANG_WARN_OBJC_ROOT_CLASS = YES_ERROR;
				CLANG_WARN_RANGE_LOOP_ANALYSIS = YES;
				CLANG_WARN_STRICT_PROTOTYPES = YES;
				CLANG_WARN_SUSPICIOUS_MOVE = YES;
				CLANG_WARN_UNGUARDED_AVAILABILITY = YES_AGGRESSIVE;
				CLANG_WARN_UNREACHABLE_CODE = YES;
				CLANG_WARN__DUPLICATE_METHOD_MATCH = YES;
				CODE_SIGN_IDENTITY = "-";
				COPY_PHASE_STRIP = NO;
				DEBUG_INFORMATION_FORMAT = "dwarf-with-dsym";
				ENABLE_NS_ASSERTIONS = NO;
				ENABLE_STRICT_OBJC_MSGSEND = YES;
				GCC_C_LANGUAGE_STANDARD = gnu11;
				GCC_NO_COMMON_BLOCKS = YES;
				GCC_WARN_64_TO_32_BIT_CONVERSION = YES;
				GCC_WARN_ABOUT_RETURN_TYPE = YES_ERROR;
				GCC_WARN_UNDECLARED_SELECTOR = YES;
				GCC_WARN_UNINITIALIZED_AUTOS = YES_AGGRESSIVE;
				GCC_WARN_UNUSED_FUNCTION = YES;
				GCC_WARN_UNUSED_VARIABLE = YES;
				MACOSX_DEPLOYMENT_TARGET = 10.14;
				MTL_ENABLE_DEBUG_INFO = NO;
				MTL_FAST_MATH = YES;
				SDKROOT = macosx;
			};
			name = Release;
		};
		305465FD21961325004153F7 /* Debug */ = {
			isa = XCBuildConfiguration;
			buildSettings = {
				CODE_SIGN_STYLE = Automatic;
				"HEADER_SEARCH_PATHS[arch=*]" = "/Applications/Xcode.app/Contents/Developer/Toolchains/XcodeDefault.xctoolchain/usr/include/c++/v1";
				PRODUCT_NAME = "$(TARGET_NAME)";
			};
			name = Debug;
		};
		305465FE21961325004153F7 /* Release */ = {
			isa = XCBuildConfiguration;
			buildSettings = {
				CODE_SIGN_STYLE = Automatic;
				PRODUCT_NAME = "$(TARGET_NAME)";
			};
			name = Release;
		};
/* End XCBuildConfiguration section */

/* Begin XCConfigurationList section */
		305465F021961325004153F7 /* Build configuration list for PBXProject "Simulator" */ = {
			isa = XCConfigurationList;
			buildConfigurations = (
				305465FA21961325004153F7 /* Debug */,
				305465FB21961325004153F7 /* Release */,
			);
			defaultConfigurationIsVisible = 0;
			defaultConfigurationName = Release;
		};
		305465FC21961325004153F7 /* Build configuration list for PBXNativeTarget "Simulator" */ = {
			isa = XCConfigurationList;
			buildConfigurations = (
				305465FD21961325004153F7 /* Debug */,
				305465FE21961325004153F7 /* Release */,
			);
			defaultConfigurationIsVisible = 0;
			defaultConfigurationName = Release;
		};
/* End XCConfigurationList section */
	};
	rootObject = 305465ED21961325004153F7 /* Project object */;
}
